
Microsoft Visual Studio Solution File, Format Version 12.00
# Visual Studio Version 16
VisualStudioVersion = 16.0.30128.74
MinimumVisualStudioVersion = 10.0.40219.1
Project("{FAE04EC0-301F-11D3-BF4B-00C04F79EFBC}") = "Binary", "Binary\Binary.csproj", "{5F64BB42-EC67-42D6-BF0F-A53CEAB8EF1D}"
EndProject
Global
	GlobalSection(SolutionConfigurationPlatforms) = preSolution
		Debug|Any CPU = Debug|Any CPU
		Release|Any CPU = Release|Any CPU
	EndGlobalSection
	GlobalSection(ProjectConfigurationPlatforms) = postSolution
		{5F64BB42-EC67-42D6-BF0F-A53CEAB8EF1D}.Debug|Any CPU.ActiveCfg = Debug|Any CPU
		{5F64BB42-EC67-42D6-BF0F-A53CEAB8EF1D}.Debug|Any CPU.Build.0 = Debug|Any CPU
		{5F64BB42-EC67-42D6-BF0F-A53CEAB8EF1D}.Release|Any CPU.ActiveCfg = Release|Any CPU
		{5F64BB42-EC67-42D6-BF0F-A53CEAB8EF1D}.Release|Any CPU.Build.0 = Release|Any CPU
	EndGlobalSection
	GlobalSection(SolutionProperties) = preSolution
		HideSolutionNode = FALSE
	EndGlobalSection
	GlobalSection(ExtensibilityGlobals) = postSolution
		SolutionGuid = {8B1C7F39-4B6B-4188-8FA3-DBDB41B125F4}
	EndGlobalSection
EndGlobal
